
Microsoft Visual Studio Solution File, Format Version 12.00
# Visual Studio Version 17
VisualStudioVersion = 17.1.32210.238
MinimumVisualStudioVersion = 10.0.40219.1
Project("{FAE04EC0-301F-11D3-BF4B-00C04F79EFBC}") = "Session_5", "Session_5\Session_5.csproj", "{3C363DE0-B3E0-4532-92B2-BF4A81EDA0B2}"
EndProject
Global
	GlobalSection(SolutionConfigurationPlatforms) = preSolution
		Debug|Any CPU = Debug|Any CPU
		Release|Any CPU = Release|Any CPU
	EndGlobalSection
	GlobalSection(ProjectConfigurationPlatforms) = postSolution
		{3C363DE0-B3E0-4532-92B2-BF4A81EDA0B2}.Debug|Any CPU.ActiveCfg = Debug|Any CPU
		{3C363DE0-B3E0-4532-92B2-BF4A81EDA0B2}.Debug|Any CPU.Build.0 = Debug|Any CPU
		{3C363DE0-B3E0-4532-92B2-BF4A81EDA0B2}.Release|Any CPU.ActiveCfg = Release|Any CPU
		{3C363DE0-B3E0-4532-92B2-BF4A81EDA0B2}.Release|Any CPU.Build.0 = Release|Any CPU
	EndGlobalSection
	GlobalSection(SolutionProperties) = preSolution
		HideSolutionNode = FALSE
	EndGlobalSection
	GlobalSection(ExtensibilityGlobals) = postSolution
		SolutionGuid = {ADE283C1-B5FA-4410-9E0A-D729DCA39689}
	EndGlobalSection
EndGlobal
